# Pinned, fully-resolved dependency versions for reproducible installs.
# Generated with `pip freeze` from a clean Python 3.11 virtualenv built from
# requirements.txt. Regenerate after changing requirements.txt:
#   python3.11 -m venv /tmp/lockenv && /tmp/lockenv/bin/pip install -r requirements.txt
#   /tmp/lockenv/bin/pip freeze > requirements.lock
# (re-add the `; sys_platform == "win32"` marker on pywin32 if it reappears —
# pip freeze drops it, and pywin32 has no Linux build)
aiohappyeyeballs==2.7.1
aiohttp==3.14.3
aiosignal==1.4.0
annotated-doc==0.0.5
annotated-types==0.8.0
anthropic==1.2.0
anyio==4.14.2
arxiv==4.0.1
attrs==26.1.0
azure-core==1.41.0
azure-identity==1.25.3
azure-search==1.0.0b2
azure-search-documents==12.0.0
beautifulsoup4==4.13.3
boto3==1.43.83
botocore==1.43.83
certifi==2026.7.22
cffi==2.1.1
charset-normalizer==3.5.1
click==8.5.0
colorama==0.4.6
cryptography==50.0.1
deprecation==2.1.0
distro==1.9.0
docstring_parser==0.18.0
duckduckgo_search==8.1.1
exa-py==2.19.0
fastapi==0.141.1
frozenlist==1.8.0
greenlet==3.5.5
groq==0.37.1
h11==0.16.0
h2==4.4.1
hpack==4.2.0
httpcore==1.0.9
httpcore2==2.12.0
httpx==0.28.1
httpx-sse==0.4.3
httpx2==2.12.0
hyperframe==6.1.0
idna==3.19
iniconfig==2.3.0
isodate==0.7.2
jiter==0.16.0
jmespath==1.1.0
jsonpatch==1.33
jsonpointer==3.1.1
jsonschema==4.26.0
jsonschema-specifications==2025.9.1
langchain==1.3.18
langchain-anthropic==1.7.0
langchain-aws==1.7.4
langchain-classic==1.0.8
langchain-community==0.4.2
langchain-core==1.6.1
langchain-deepseek==1.1.0
langchain-groq==1.1.3
langchain-mcp-adapters==0.3.2
langchain-openai==1.6.0
langchain-protocol==0.0.19
langchain-tavily==0.2.18
langchain-text-splitters==1.1.2
langgraph==1.2.11
langgraph-checkpoint==4.2.0
langgraph-prebuilt==1.1.0
langgraph-sdk==0.4.4
langsmith==0.11.2
linkup-sdk==0.22.0
lxml==6.1.2
markdown-it-py==4.2.0
markdownify==1.2.3
mcp==1.29.1
mdurl==0.1.2
msal==1.38.0
msal-extensions==1.3.1
msrest==0.7.1
multidict==6.7.1
numpy==2.4.6
oauthlib==3.3.1
openai==3.6.0
orjson==3.12.0
ormsgpack==1.12.2
packaging==26.3
pandas==3.0.5
pluggy==1.6.0
postgrest==2.31.0
primp==2.0.0
propcache==0.5.2
pycparser==3.0
pydantic==2.13.5
pydantic-settings==2.15.0
pydantic_core==2.46.5
Pygments==2.21.0
PyJWT==2.13.0
pymupdf==1.28.2
pytest==9.1.1
pytest-asyncio==1.4.0
python-dateutil==2.9.0.post0
python-dotenv==1.2.3
python-multipart==0.0.32
pywin32==312; sys_platform == "win32"
PyYAML==6.0.3
realtime==2.31.0
referencing==0.37.0
regex==2026.7.19
requests==2.34.2
requests-oauthlib==2.0.0
requests-toolbelt==1.0.0
rich==15.0.0
rpds-py==2026.6.3
s3transfer==0.19.2
six==1.17.0
sniffio==1.3.1
soupsieve==2.9.2
SQLAlchemy==2.0.52
sse-starlette==3.4.8
starlette==1.6.0
storage3==2.31.0
StrEnum==0.4.15
supabase==2.31.0
supabase-auth==2.31.0
supabase-functions==2.31.0
tavily-python==0.8.0
tenacity==9.1.4
tiktoken==0.14.0
truststore==0.10.4
typing-inspection==0.4.4
typing_extensions==4.16.0
tzdata==2026.3
urllib3==2.7.0
uuid_utils==0.17.0
uvicorn==0.52.4
websockets==15.0.1
xmltodict==1.0.4
xxhash==4.0.1
yarl==1.24.5
zstandard==0.25.0
